
Microsoft Visual Studio Solution File, Format Version 12.00
# Visual Studio Version 16
VisualStudioVersion = 16.0.31205.134
MinimumVisualStudioVersion = 10.0.40219.1
Project("{FAE04EC0-301F-11D3-BF4B-00C04F79EFBC}") = "MyMarkEzd", "MyMarkEzd.csproj", "{DF68088B-3B52-4912-9411-FA2B6F886A3F}"
EndProject
Global
	GlobalSection(SolutionConfigurationPlatforms) = preSolution
		Debug|x86 = Debug|x86
		Release|x86 = Release|x86
	EndGlobalSection
	GlobalSection(ProjectConfigurationPlatforms) = postSolution
		{DF68088B-3B52-4912-9411-FA2B6F886A3F}.Debug|x86.ActiveCfg = Debug|x86
		{DF68088B-3B52-4912-9411-FA2B6F886A3F}.Debug|x86.Build.0 = Debug|x86
		{DF68088B-3B52-4912-9411-FA2B6F886A3F}.Release|x86.ActiveCfg = Release|x86
		{DF68088B-3B52-4912-9411-FA2B6F886A3F}.Release|x86.Build.0 = Release|x86
	EndGlobalSection
	GlobalSection(SolutionProperties) = preSolution
		HideSolutionNode = FALSE
	EndGlobalSection
	GlobalSection(ExtensibilityGlobals) = postSolution
		SolutionGuid = {3BD6142C-49BC-4426-9DC3-587C0FE417E9}
	EndGlobalSection
EndGlobal
